
Microsoft Visual Studio Solution File, Format Version 12.00
# Visual Studio 15
VisualStudioVersion = 15.0.27004.2008
MinimumVisualStudioVersion = 10.0.40219.1
Project("{E24C65DC-7377-472B-9ABA-BC803B73C61A}") = "Jokul_Forum_v1.5.5234.2_Full_Net35", "F:\BBS\Jokul_Forum_v1.5.5234.2_Full_Net35\", "{BC33E95E-1EF7-4149-942D-9B343F533606}"
	ProjectSection(WebsiteProperties) = preProject
		TargetFrameworkMoniker = ".NETFramework,Version%3Dv3.5"
		Debug.AspNetCompiler.VirtualPath = "/localhost_17252"
		Debug.AspNetCompiler.PhysicalPath = "F:\BBS\Jokul_Forum_v1.5.5234.2_Full_Net35\"
		Debug.AspNetCompiler.TargetPath = "PrecompiledWeb\localhost_17252\"
		Debug.AspNetCompiler.Updateable = "true"
		Debug.AspNetCompiler.ForceOverwrite = "true"
		Debug.AspNetCompiler.FixedNames = "false"
		Debug.AspNetCompiler.Debug = "True"
		Release.AspNetCompiler.VirtualPath = "/localhost_17252"
		Release.AspNetCompiler.PhysicalPath = "F:\BBS\Jokul_Forum_v1.5.5234.2_Full_Net35\"
		Release.AspNetCompiler.TargetPath = "PrecompiledWeb\localhost_17252\"
		Release.AspNetCompiler.Updateable = "true"
		Release.AspNetCompiler.ForceOverwrite = "true"
		Release.AspNetCompiler.FixedNames = "false"
		Release.AspNetCompiler.Debug = "False"
		VWDPort = "17252"
		SlnRelativePath = "F:\BBS\Jokul_Forum_v1.5.5234.2_Full_Net35\"
	EndProjectSection
EndProject
Global
	GlobalSection(SolutionConfigurationPlatforms) = preSolution
		Debug|Any CPU = Debug|Any CPU
	EndGlobalSection
	GlobalSection(ProjectConfigurationPlatforms) = postSolution
		{BC33E95E-1EF7-4149-942D-9B343F533606}.Debug|Any CPU.ActiveCfg = Debug|Any CPU
		{BC33E95E-1EF7-4149-942D-9B343F533606}.Debug|Any CPU.Build.0 = Debug|Any CPU
	EndGlobalSection
	GlobalSection(SolutionProperties) = preSolution
		HideSolutionNode = FALSE
	EndGlobalSection
	GlobalSection(ExtensibilityGlobals) = postSolution
		SolutionGuid = {5327BA9A-C7D2-472F-99CD-4746F48C7F4C}
	EndGlobalSection
EndGlobal
