
Microsoft Visual Studio Solution File, Format Version 12.00
# Visual Studio 15
VisualStudioVersion = 15.0.27004.2008
MinimumVisualStudioVersion = 10.0.40219.1
Project("{E24C65DC-7377-472B-9ABA-BC803B73C61A}") = "forum", "F:\OfficeFile\陈慧婕文档毕业\webwizforums8\forum\", "{56A63EF3-DFC3-423C-9FBA-0B5B62A966F5}"
	ProjectSection(WebsiteProperties) = preProject
		TargetFrameworkMoniker = ".NETFramework,Version%3Dv2.0"
		Debug.AspNetCompiler.VirtualPath = "/localhost_60505"
		Debug.AspNetCompiler.PhysicalPath = "F:\OfficeFile\陈慧婕文档毕业\webwizforums8\forum\"
		Debug.AspNetCompiler.TargetPath = "PrecompiledWeb\localhost_60505\"
		Debug.AspNetCompiler.Updateable = "true"
		Debug.AspNetCompiler.ForceOverwrite = "true"
		Debug.AspNetCompiler.FixedNames = "false"
		Debug.AspNetCompiler.Debug = "True"
		Release.AspNetCompiler.VirtualPath = "/localhost_60505"
		Release.AspNetCompiler.PhysicalPath = "F:\OfficeFile\陈慧婕文档毕业\webwizforums8\forum\"
		Release.AspNetCompiler.TargetPath = "PrecompiledWeb\localhost_60505\"
		Release.AspNetCompiler.Updateable = "true"
		Release.AspNetCompiler.ForceOverwrite = "true"
		Release.AspNetCompiler.FixedNames = "false"
		Release.AspNetCompiler.Debug = "False"
		VWDPort = "60505"
	EndProjectSection
EndProject
Global
	GlobalSection(SolutionConfigurationPlatforms) = preSolution
		Debug|Any CPU = Debug|Any CPU
	EndGlobalSection
	GlobalSection(ProjectConfigurationPlatforms) = postSolution
		{56A63EF3-DFC3-423C-9FBA-0B5B62A966F5}.Debug|Any CPU.ActiveCfg = Debug|Any CPU
		{56A63EF3-DFC3-423C-9FBA-0B5B62A966F5}.Debug|Any CPU.Build.0 = Debug|Any CPU
	EndGlobalSection
	GlobalSection(SolutionProperties) = preSolution
		HideSolutionNode = FALSE
	EndGlobalSection
	GlobalSection(ExtensibilityGlobals) = postSolution
		SolutionGuid = {C64E96E6-D006-41F5-8836-5BA643EB68BB}
	EndGlobalSection
EndGlobal
